
Microsoft Visual Studio Solution File, Format Version 12.00
# Visual Studio Version 16
VisualStudioVersion = 16.0.28803.352
MinimumVisualStudioVersion = 10.0.40219.1
Project("{FAE04EC0-301F-11D3-BF4B-00C04F79EFBC}") = "Prueba3", "Prueba3\Prueba3.csproj", "{37FDDC64-C173-494E-BB58-C07C7A91073F}"
EndProject
Global
	GlobalSection(SolutionConfigurationPlatforms) = preSolution
		Debug|Any CPU = Debug|Any CPU
		Release|Any CPU = Release|Any CPU
	EndGlobalSection
	GlobalSection(ProjectConfigurationPlatforms) = postSolution
		{37FDDC64-C173-494E-BB58-C07C7A91073F}.Debug|Any CPU.ActiveCfg = Debug|Any CPU
		{37FDDC64-C173-494E-BB58-C07C7A91073F}.Debug|Any CPU.Build.0 = Debug|Any CPU
		{37FDDC64-C173-494E-BB58-C07C7A91073F}.Release|Any CPU.ActiveCfg = Release|Any CPU
		{37FDDC64-C173-494E-BB58-C07C7A91073F}.Release|Any CPU.Build.0 = Release|Any CPU
	EndGlobalSection
	GlobalSection(SolutionProperties) = preSolution
		HideSolutionNode = FALSE
	EndGlobalSection
	GlobalSection(ExtensibilityGlobals) = postSolution
		SolutionGuid = {EC368C06-3819-4D60-BFE6-A22C00EEDF08}
	EndGlobalSection
EndGlobal
